
Microsoft Visual Studio Solution File, Format Version 12.00
# Visual Studio Version 16
VisualStudioVersion = 16.0.32630.194
MinimumVisualStudioVersion = 10.0.40219.1
Project("{2150E333-8FDC-42A3-9474-1A3956D46DE8}") = "src", "src", "{A4BF0127-1636-457A-B8A0-941A09D542A1}"
EndProject
Project("{FAE04EC0-301F-11D3-BF4B-00C04F79EFBC}") = "Loans.Application", "src\Loans.Application\Loans.Application.csproj", "{D5D9F532-025B-43CE-BD5D-E2E95C5808DB}"
EndProject
Global
	GlobalSection(SolutionConfigurationPlatforms) = preSolution
		Debug|Any CPU = Debug|Any CPU
		Release|Any CPU = Release|Any CPU
	EndGlobalSection
	GlobalSection(ProjectConfigurationPlatforms) = postSolution
		{D5D9F532-025B-43CE-BD5D-E2E95C5808DB}.Debug|Any CPU.ActiveCfg = Debug|Any CPU
		{D5D9F532-025B-43CE-BD5D-E2E95C5808DB}.Debug|Any CPU.Build.0 = Debug|Any CPU
		{D5D9F532-025B-43CE-BD5D-E2E95C5808DB}.Release|Any CPU.ActiveCfg = Release|Any CPU
		{D5D9F532-025B-43CE-BD5D-E2E95C5808DB}.Release|Any CPU.Build.0 = Release|Any CPU
	EndGlobalSection
	GlobalSection(SolutionProperties) = preSolution
		HideSolutionNode = FALSE
	EndGlobalSection
	GlobalSection(NestedProjects) = preSolution
		{D5D9F532-025B-43CE-BD5D-E2E95C5808DB} = {A4BF0127-1636-457A-B8A0-941A09D542A1}
	EndGlobalSection
	GlobalSection(ExtensibilityGlobals) = postSolution
		SolutionGuid = {5D8BF083-8217-45BF-BB22-C3B3F3A537E5}
	EndGlobalSection
EndGlobal
